{
    "_meta": {
        "hash": {
            "sha256": "97f239d3df6970b8560aaf60ee2ef1a85eda98d2b873870259d3623f2e65e11d"
        },
        "pipfile-spec": 6,
        "requires": {
            "python_version": "3.6"
        },
        "sources": [
            {
                "name": "pypi",
                "url": "https://pypi.org/simple",
                "verify_ssl": true
            }
        ]
    },
    "default": {
        "django": {
            "hashes": [
                "sha256:18986bcffe69653a84eaf1faa1fa5a7eded32cee41cfecc77fdc65a3e046404d",
                "sha256:46adfe8e0abe4d1f026c1086889970b611aec492784fbdfbdaabc2457360a4a5"
            ],
            "index": "pypi",
            "version": "==1.11.13"
        },
        "django-admin-tools": {
            "hashes": [
                "sha256:73841bdd31d2397d640819690a7f6f61490ef8f386476b78a8373df4941eea72",
                "sha256:bf4d7e022d18a18067a4649e370c0794749bea4e84e5a3b611d4330d49aa5830"
            ],
            "index": "pypi",
            "version": "==0.8.1"
        },
        "pytz": {
            "hashes": [
                "sha256:65ae0c8101309c45772196b21b74c46b2e5d11b6275c45d251b150d5da334555",
                "sha256:c06425302f2cf668f1bba7a0a03f3c1d34d4ebeef2c72003da308b3947c7f749"
            ],
            "version": "==2018.4"
        }
    },
    "develop": {}
}
